
Microsoft Visual Studio Solution File, Format Version 12.00
# Visual Studio Version 18
VisualStudioVersion = 18.9.12112.369
MinimumVisualStudioVersion = 10.0.40219.1
Project("{9A19103F-16F7-4668-BE54-9A1E7A4F7556}") = "LiteDB", "LiteDB\LiteDB.csproj", "{9497DA19-1FCA-4C2E-A1AB-8DFAACBC76E1}"
EndProject
Project("{9A19103F-16F7-4668-BE54-9A1E7A4F7556}") = "LiteDB.Tests", "LiteDB.Tests\LiteDB.Tests.csproj", "{74E32E43-2A57-4A38-BD8C-9108B0DCAEAA}"
EndProject
Project("{9A19103F-16F7-4668-BE54-9A1E7A4F7556}") = "LiteDB.Shell", "LiteDB.Shell\LiteDB.Shell.csproj", "{99887C89-CAE4-4A8D-AC4B-87E28B9B1F87}"
EndProject
Project("{9A19103F-16F7-4668-BE54-9A1E7A4F7556}") = "LiteDB.Benchmarks", "LiteDB.Benchmarks\LiteDB.Benchmarks.csproj", "{DF9C82C1-446F-458A-AA50-78E58BA17273}"
EndProject
Project("{9A19103F-16F7-4668-BE54-9A1E7A4F7556}") = "LiteDB.Stress", "LiteDB.Stress\LiteDB.Stress.csproj", "{FFBC5669-DA32-4907-8793-7B414279DA3B}"
EndProject
Project("{FAE04EC0-301F-11D3-BF4B-00C04F79EFBC}") = "LiteDB.Demo.Tools.VectorSearch", "LiteDB.Demo.Tools.VectorSearch\LiteDB.Demo.Tools.VectorSearch.csproj", "{64EEF08C-CE83-4929-B5E4-583BBC332941}"
EndProject
Project("{FAE04EC0-301F-11D3-BF4B-00C04F79EFBC}") = "ConsoleApp1", "ConsoleApp1\ConsoleApp1.csproj", "{E8763934-E46A-4AAF-A2B5-E812016DAF84}"
EndProject
Project("{FAE04EC0-301F-11D3-BF4B-00C04F79EFBC}") = "Issue_2586_RollbackTransaction", "LiteDB.ReproRunner\Repros\Issue_2586_RollbackTransaction\Issue_2586_RollbackTransaction.csproj", "{BE1D6CA2-134A-404A-8F1A-C48E4E240159}"
EndProject
Project("{2150E333-8FDC-42A3-9474-1A3956D46DE8}") = "Misc", "Misc", "{D455AC29-7847-4DF4-AD06-69042F8B8885}"
EndProject
Project("{2150E333-8FDC-42A3-9474-1A3956D46DE8}") = "LiteDB.ReproRunner", "LiteDB.ReproRunner", "{C172DFBD-9BFC-41A4-82B9-5B9BBC90850D}"
	ProjectSection(SolutionItems) = preProject
		LiteDB.ReproRunner\README.md = LiteDB.ReproRunner\README.md
	EndProjectSection
EndProject
Project("{FAE04EC0-301F-11D3-BF4B-00C04F79EFBC}") = "LiteDB.ReproRunner.Cli", "LiteDB.ReproRunner\LiteDB.ReproRunner.Cli\LiteDB.ReproRunner.Cli.csproj", "{CDCF5EED-50F3-4790-B180-10B203EE6B4B}"
EndProject
Project("{2150E333-8FDC-42A3-9474-1A3956D46DE8}") = "Repros", "Repros", "{B0BD59D3-0D10-42BF-A744-533473577C8C}"
EndProject
Project("{FAE04EC0-301F-11D3-BF4B-00C04F79EFBC}") = "Issue_2561_TransactionMonitor", "LiteDB.ReproRunner\Repros\Issue_2561_TransactionMonitor\Issue_2561_TransactionMonitor.csproj", "{B5BF3DFE-5F26-447A-AF5A-60C6E3D341AC}"
EndProject
Project("{2150E333-8FDC-42A3-9474-1A3956D46DE8}") = "Tests", "Tests", "{3B786621-2B82-4C69-8FE9-3889ECB36E75}"
EndProject
Project("{FAE04EC0-301F-11D3-BF4B-00C04F79EFBC}") = "LiteDB.ReproRunner.Tests", "LiteDB.ReproRunner.Tests\LiteDB.ReproRunner.Tests.csproj", "{3EF8E506-B57B-4A98-AD09-E687F9DC515D}"
EndProject
Project("{FAE04EC0-301F-11D3-BF4B-00C04F79EFBC}") = "LiteDB.ReproRunner.Shared", "LiteDB.ReproRunner\LiteDB.ReproRunner.Shared\LiteDB.ReproRunner.Shared.csproj", "{CE109129-4017-46E7-BE84-17D4D83296F4}"
EndProject
Project("{FAE04EC0-301F-11D3-BF4B-00C04F79EFBC}") = "SharedMutexHarness", "LiteDB.Tests.SharedMutexHarness\SharedMutexHarness.csproj", "{F7E423B9-B90B-4F4D-B02A-F0101BBA26E6}"
EndProject
Project("{FAE04EC0-301F-11D3-BF4B-00C04F79EFBC}") = "LiteDB.AotSmokeTests", "LiteDB.AotSmokeTests\LiteDB.AotSmokeTests.csproj", "{51AA0087-4D1C-4331-85D4-2C83065DA36B}"
EndProject
Project("{FAE04EC0-301F-11D3-BF4B-00C04F79EFBC}") = "LiteDB.Generator", "LiteDB.Generator\LiteDB.Generator.csproj", "{99DD65CD-1699-439F-8D27-D81151563827}"
EndProject
Global
	GlobalSection(SolutionConfigurationPlatforms) = preSolution
		Debug|Any CPU = Debug|Any CPU
		Debug|x64 = Debug|x64
		Debug|x86 = Debug|x86
		Release|Any CPU = Release|Any CPU
		Release|x64 = Release|x64
		Release|x86 = Release|x86
	EndGlobalSection
	GlobalSection(ProjectConfigurationPlatforms) = postSolution
		{9497DA19-1FCA-4C2E-A1AB-8DFAACBC76E1}.Debug|Any CPU.ActiveCfg = Debug|Any CPU
		{9497DA19-1FCA-4C2E-A1AB-8DFAACBC76E1}.Debug|Any CPU.Build.0 = Debug|Any CPU
		{9497DA19-1FCA-4C2E-A1AB-8DFAACBC76E1}.Debug|x64.ActiveCfg = Debug|Any CPU
		{9497DA19-1FCA-4C2E-A1AB-8DFAACBC76E1}.Debug|x64.Build.0 = Debug|Any CPU
		{9497DA19-1FCA-4C2E-A1AB-8DFAACBC76E1}.Debug|x86.ActiveCfg = Debug|Any CPU
		{9497DA19-1FCA-4C2E-A1AB-8DFAACBC76E1}.Debug|x86.Build.0 = Debug|Any CPU
		{9497DA19-1FCA-4C2E-A1AB-8DFAACBC76E1}.Release|Any CPU.ActiveCfg = Release|Any CPU
		{9497DA19-1FCA-4C2E-A1AB-8DFAACBC76E1}.Release|Any CPU.Build.0 = Release|Any CPU
		{9497DA19-1FCA-4C2E-A1AB-8DFAACBC76E1}.Release|x64.ActiveCfg = Release|Any CPU
		{9497DA19-1FCA-4C2E-A1AB-8DFAACBC76E1}.Release|x64.Build.0 = Release|Any CPU
		{9497DA19-1FCA-4C2E-A1AB-8DFAACBC76E1}.Release|x86.ActiveCfg = Release|Any CPU
		{9497DA19-1FCA-4C2E-A1AB-8DFAACBC76E1}.Release|x86.Build.0 = Release|Any CPU
		{74E32E43-2A57-4A38-BD8C-9108B0DCAEAA}.Debug|Any CPU.ActiveCfg = Debug|Any CPU
		{74E32E43-2A57-4A38-BD8C-9108B0DCAEAA}.Debug|Any CPU.Build.0 = Debug|Any CPU
		{74E32E43-2A57-4A38-BD8C-9108B0DCAEAA}.Debug|x64.ActiveCfg = Debug|Any CPU
		{74E32E43-2A57-4A38-BD8C-9108B0DCAEAA}.Debug|x64.Build.0 = Debug|Any CPU
		{74E32E43-2A57-4A38-BD8C-9108B0DCAEAA}.Debug|x86.ActiveCfg = Debug|Any CPU
		{74E32E43-2A57-4A38-BD8C-9108B0DCAEAA}.Debug|x86.Build.0 = Debug|Any CPU
		{74E32E43-2A57-4A38-BD8C-9108B0DCAEAA}.Release|Any CPU.ActiveCfg = Release|Any CPU
		{74E32E43-2A57-4A38-BD8C-9108B0DCAEAA}.Release|Any CPU.Build.0 = Release|Any CPU
		{74E32E43-2A57-4A38-BD8C-9108B0DCAEAA}.Release|x64.ActiveCfg = Release|Any CPU
		{74E32E43-2A57-4A38-BD8C-9108B0DCAEAA}.Release|x64.Build.0 = Release|Any CPU
		{74E32E43-2A57-4A38-BD8C-9108B0DCAEAA}.Release|x86.ActiveCfg = Release|Any CPU
		{74E32E43-2A57-4A38-BD8C-9108B0DCAEAA}.Release|x86.Build.0 = Release|Any CPU
		{99887C89-CAE4-4A8D-AC4B-87E28B9B1F87}.Debug|Any CPU.ActiveCfg = Debug|Any CPU
		{99887C89-CAE4-4A8D-AC4B-87E28B9B1F87}.Debug|Any CPU.Build.0 = Debug|Any CPU
		{99887C89-CAE4-4A8D-AC4B-87E28B9B1F87}.Debug|x64.ActiveCfg = Debug|Any CPU
		{99887C89-CAE4-4A8D-AC4B-87E28B9B1F87}.Debug|x64.Build.0 = Debug|Any CPU
		{99887C89-CAE4-4A8D-AC4B-87E28B9B1F87}.Debug|x86.ActiveCfg = Debug|Any CPU
		{99887C89-CAE4-4A8D-AC4B-87E28B9B1F87}.Debug|x86.Build.0 = Debug|Any CPU
		{99887C89-CAE4-4A8D-AC4B-87E28B9B1F87}.Release|Any CPU.ActiveCfg = Release|Any CPU
		{99887C89-CAE4-4A8D-AC4B-87E28B9B1F87}.Release|Any CPU.Build.0 = Release|Any CPU
		{99887C89-CAE4-4A8D-AC4B-87E28B9B1F87}.Release|x64.ActiveCfg = Release|Any CPU
		{99887C89-CAE4-4A8D-AC4B-87E28B9B1F87}.Release|x64.Build.0 = Release|Any CPU
		{99887C89-CAE4-4A8D-AC4B-87E28B9B1F87}.Release|x86.ActiveCfg = Release|Any CPU
		{99887C89-CAE4-4A8D-AC4B-87E28B9B1F87}.Release|x86.Build.0 = Release|Any CPU
		{DF9C82C1-446F-458A-AA50-78E58BA17273}.Debug|Any CPU.ActiveCfg = Debug|Any CPU
		{DF9C82C1-446F-458A-AA50-78E58BA17273}.Debug|Any CPU.Build.0 = Debug|Any CPU
		{DF9C82C1-446F-458A-AA50-78E58BA17273}.Debug|x64.ActiveCfg = Debug|Any CPU
		{DF9C82C1-446F-458A-AA50-78E58BA17273}.Debug|x64.Build.0 = Debug|Any CPU
		{DF9C82C1-446F-458A-AA50-78E58BA17273}.Debug|x86.ActiveCfg = Debug|Any CPU
		{DF9C82C1-446F-458A-AA50-78E58BA17273}.Debug|x86.Build.0 = Debug|Any CPU
		{DF9C82C1-446F-458A-AA50-78E58BA17273}.Release|Any CPU.ActiveCfg = Release|Any CPU
		{DF9C82C1-446F-458A-AA50-78E58BA17273}.Release|Any CPU.Build.0 = Release|Any CPU
		{DF9C82C1-446F-458A-AA50-78E58BA17273}.Release|x64.ActiveCfg = Release|Any CPU
		{DF9C82C1-446F-458A-AA50-78E58BA17273}.Release|x64.Build.0 = Release|Any CPU
		{DF9C82C1-446F-458A-AA50-78E58BA17273}.Release|x86.ActiveCfg = Release|Any CPU
		{DF9C82C1-446F-458A-AA50-78E58BA17273}.Release|x86.Build.0 = Release|Any CPU
		{FFBC5669-DA32-4907-8793-7B414279DA3B}.Debug|Any CPU.ActiveCfg = Debug|Any CPU
		{FFBC5669-DA32-4907-8793-7B414279DA3B}.Debug|Any CPU.Build.0 = Debug|Any CPU
		{FFBC5669-DA32-4907-8793-7B414279DA3B}.Debug|x64.ActiveCfg = Debug|Any CPU
		{FFBC5669-DA32-4907-8793-7B414279DA3B}.Debug|x64.Build.0 = Debug|Any CPU
		{FFBC5669-DA32-4907-8793-7B414279DA3B}.Debug|x86.ActiveCfg = Debug|Any CPU
		{FFBC5669-DA32-4907-8793-7B414279DA3B}.Debug|x86.Build.0 = Debug|Any CPU
		{FFBC5669-DA32-4907-8793-7B414279DA3B}.Release|Any CPU.ActiveCfg = Release|Any CPU
		{FFBC5669-DA32-4907-8793-7B414279DA3B}.Release|Any CPU.Build.0 = Release|Any CPU
		{FFBC5669-DA32-4907-8793-7B414279DA3B}.Release|x64.ActiveCfg = Release|Any CPU
		{FFBC5669-DA32-4907-8793-7B414279DA3B}.Release|x64.Build.0 = Release|Any CPU
		{FFBC5669-DA32-4907-8793-7B414279DA3B}.Release|x86.ActiveCfg = Release|Any CPU
		{FFBC5669-DA32-4907-8793-7B414279DA3B}.Release|x86.Build.0 = Release|Any CPU
		{64EEF08C-CE83-4929-B5E4-583BBC332941}.Debug|Any CPU.ActiveCfg = Debug|Any CPU
		{64EEF08C-CE83-4929-B5E4-583BBC332941}.Debug|Any CPU.Build.0 = Debug|Any CPU
		{64EEF08C-CE83-4929-B5E4-583BBC332941}.Debug|x64.ActiveCfg = Debug|Any CPU
		{64EEF08C-CE83-4929-B5E4-583BBC332941}.Debug|x64.Build.0 = Debug|Any CPU
		{64EEF08C-CE83-4929-B5E4-583BBC332941}.Debug|x86.ActiveCfg = Debug|Any CPU
		{64EEF08C-CE83-4929-B5E4-583BBC332941}.Debug|x86.Build.0 = Debug|Any CPU
		{64EEF08C-CE83-4929-B5E4-583BBC332941}.Release|Any CPU.ActiveCfg = Release|Any CPU
		{64EEF08C-CE83-4929-B5E4-583BBC332941}.Release|Any CPU.Build.0 = Release|Any CPU
		{64EEF08C-CE83-4929-B5E4-583BBC332941}.Release|x64.ActiveCfg = Release|Any CPU
		{64EEF08C-CE83-4929-B5E4-583BBC332941}.Release|x64.Build.0 = Release|Any CPU
		{64EEF08C-CE83-4929-B5E4-583BBC332941}.Release|x86.ActiveCfg = Release|Any CPU
		{64EEF08C-CE83-4929-B5E4-583BBC332941}.Release|x86.Build.0 = Release|Any CPU
		{E8763934-E46A-4AAF-A2B5-E812016DAF84}.Debug|Any CPU.ActiveCfg = Debug|Any CPU
		{E8763934-E46A-4AAF-A2B5-E812016DAF84}.Debug|Any CPU.Build.0 = Debug|Any CPU
		{E8763934-E46A-4AAF-A2B5-E812016DAF84}.Debug|x64.ActiveCfg = Debug|Any CPU
		{E8763934-E46A-4AAF-A2B5-E812016DAF84}.Debug|x64.Build.0 = Debug|Any CPU
		{E8763934-E46A-4AAF-A2B5-E812016DAF84}.Debug|x86.ActiveCfg = Debug|Any CPU
		{E8763934-E46A-4AAF-A2B5-E812016DAF84}.Debug|x86.Build.0 = Debug|Any CPU
		{E8763934-E46A-4AAF-A2B5-E812016DAF84}.Release|Any CPU.ActiveCfg = Release|Any CPU
		{E8763934-E46A-4AAF-A2B5-E812016DAF84}.Release|Any CPU.Build.0 = Release|Any CPU
		{E8763934-E46A-4AAF-A2B5-E812016DAF84}.Release|x64.ActiveCfg = Release|Any CPU
		{E8763934-E46A-4AAF-A2B5-E812016DAF84}.Release|x64.Build.0 = Release|Any CPU
		{E8763934-E46A-4AAF-A2B5-E812016DAF84}.Release|x86.ActiveCfg = Release|Any CPU
		{E8763934-E46A-4AAF-A2B5-E812016DAF84}.Release|x86.Build.0 = Release|Any CPU
		{BE1D6CA2-134A-404A-8F1A-C48E4E240159}.Debug|Any CPU.ActiveCfg = Debug|Any CPU
		{BE1D6CA2-134A-404A-8F1A-C48E4E240159}.Debug|Any CPU.Build.0 = Debug|Any CPU
		{BE1D6CA2-134A-404A-8F1A-C48E4E240159}.Debug|x64.ActiveCfg = Debug|Any CPU
		{BE1D6CA2-134A-404A-8F1A-C48E4E240159}.Debug|x64.Build.0 = Debug|Any CPU
		{BE1D6CA2-134A-404A-8F1A-C48E4E240159}.Debug|x86.ActiveCfg = Debug|Any CPU
		{BE1D6CA2-134A-404A-8F1A-C48E4E240159}.Debug|x86.Build.0 = Debug|Any CPU
		{BE1D6CA2-134A-404A-8F1A-C48E4E240159}.Release|Any CPU.ActiveCfg = Release|Any CPU
		{BE1D6CA2-134A-404A-8F1A-C48E4E240159}.Release|Any CPU.Build.0 = Release|Any CPU
		{BE1D6CA2-134A-404A-8F1A-C48E4E240159}.Release|x64.ActiveCfg = Release|Any CPU
		{BE1D6CA2-134A-404A-8F1A-C48E4E240159}.Release|x64.Build.0 = Release|Any CPU
		{BE1D6CA2-134A-404A-8F1A-C48E4E240159}.Release|x86.ActiveCfg = Release|Any CPU
		{BE1D6CA2-134A-404A-8F1A-C48E4E240159}.Release|x86.Build.0 = Release|Any CPU
		{CDCF5EED-50F3-4790-B180-10B203EE6B4B}.Debug|Any CPU.ActiveCfg = Debug|Any CPU
		{CDCF5EED-50F3-4790-B180-10B203EE6B4B}.Debug|Any CPU.Build.0 = Debug|Any CPU
		{CDCF5EED-50F3-4790-B180-10B203EE6B4B}.Debug|x64.ActiveCfg = Debug|Any CPU
		{CDCF5EED-50F3-4790-B180-10B203EE6B4B}.Debug|x64.Build.0 = Debug|Any CPU
		{CDCF5EED-50F3-4790-B180-10B203EE6B4B}.Debug|x86.ActiveCfg = Debug|Any CPU
		{CDCF5EED-50F3-4790-B180-10B203EE6B4B}.Debug|x86.Build.0 = Debug|Any CPU
		{CDCF5EED-50F3-4790-B180-10B203EE6B4B}.Release|Any CPU.ActiveCfg = Release|Any CPU
		{CDCF5EED-50F3-4790-B180-10B203EE6B4B}.Release|Any CPU.Build.0 = Release|Any CPU
		{CDCF5EED-50F3-4790-B180-10B203EE6B4B}.Release|x64.ActiveCfg = Release|Any CPU
		{CDCF5EED-50F3-4790-B180-10B203EE6B4B}.Release|x64.Build.0 = Release|Any CPU
		{CDCF5EED-50F3-4790-B180-10B203EE6B4B}.Release|x86.ActiveCfg = Release|Any CPU
		{CDCF5EED-50F3-4790-B180-10B203EE6B4B}.Release|x86.Build.0 = Release|Any CPU
		{B5BF3DFE-5F26-447A-AF5A-60C6E3D341AC}.Debug|Any CPU.ActiveCfg = Debug|Any CPU
		{B5BF3DFE-5F26-447A-AF5A-60C6E3D341AC}.Debug|Any CPU.Build.0 = Debug|Any CPU
		{B5BF3DFE-5F26-447A-AF5A-60C6E3D341AC}.Debug|x64.ActiveCfg = Debug|Any CPU
		{B5BF3DFE-5F26-447A-AF5A-60C6E3D341AC}.Debug|x64.Build.0 = Debug|Any CPU
		{B5BF3DFE-5F26-447A-AF5A-60C6E3D341AC}.Debug|x86.ActiveCfg = Debug|Any CPU
		{B5BF3DFE-5F26-447A-AF5A-60C6E3D341AC}.Debug|x86.Build.0 = Debug|Any CPU
		{B5BF3DFE-5F26-447A-AF5A-60C6E3D341AC}.Release|Any CPU.ActiveCfg = Release|Any CPU
		{B5BF3DFE-5F26-447A-AF5A-60C6E3D341AC}.Release|Any CPU.Build.0 = Release|Any CPU
		{B5BF3DFE-5F26-447A-AF5A-60C6E3D341AC}.Release|x64.ActiveCfg = Release|Any CPU
		{B5BF3DFE-5F26-447A-AF5A-60C6E3D341AC}.Release|x64.Build.0 = Release|Any CPU
		{B5BF3DFE-5F26-447A-AF5A-60C6E3D341AC}.Release|x86.ActiveCfg = Release|Any CPU
		{B5BF3DFE-5F26-447A-AF5A-60C6E3D341AC}.Release|x86.Build.0 = Release|Any CPU
		{3EF8E506-B57B-4A98-AD09-E687F9DC515D}.Debug|Any CPU.ActiveCfg = Debug|Any CPU
		{3EF8E506-B57B-4A98-AD09-E687F9DC515D}.Debug|Any CPU.Build.0 = Debug|Any CPU
		{3EF8E506-B57B-4A98-AD09-E687F9DC515D}.Debug|x64.ActiveCfg = Debug|Any CPU
		{3EF8E506-B57B-4A98-AD09-E687F9DC515D}.Debug|x64.Build.0 = Debug|Any CPU
		{3EF8E506-B57B-4A98-AD09-E687F9DC515D}.Debug|x86.ActiveCfg = Debug|Any CPU
		{3EF8E506-B57B-4A98-AD09-E687F9DC515D}.Debug|x86.Build.0 = Debug|Any CPU
		{3EF8E506-B57B-4A98-AD09-E687F9DC515D}.Release|Any CPU.ActiveCfg = Release|Any CPU
		{3EF8E506-B57B-4A98-AD09-E687F9DC515D}.Release|Any CPU.Build.0 = Release|Any CPU
		{3EF8E506-B57B-4A98-AD09-E687F9DC515D}.Release|x64.ActiveCfg = Release|Any CPU
		{3EF8E506-B57B-4A98-AD09-E687F9DC515D}.Release|x64.Build.0 = Release|Any CPU
		{3EF8E506-B57B-4A98-AD09-E687F9DC515D}.Release|x86.ActiveCfg = Release|Any CPU
		{3EF8E506-B57B-4A98-AD09-E687F9DC515D}.Release|x86.Build.0 = Release|Any CPU
		{CE109129-4017-46E7-BE84-17D4D83296F4}.Debug|Any CPU.ActiveCfg = Debug|Any CPU
		{CE109129-4017-46E7-BE84-17D4D83296F4}.Debug|Any CPU.Build.0 = Debug|Any CPU
		{CE109129-4017-46E7-BE84-17D4D83296F4}.Debug|x64.ActiveCfg = Debug|Any CPU
		{CE109129-4017-46E7-BE84-17D4D83296F4}.Debug|x64.Build.0 = Debug|Any CPU
		{CE109129-4017-46E7-BE84-17D4D83296F4}.Debug|x86.ActiveCfg = Debug|Any CPU
		{CE109129-4017-46E7-BE84-17D4D83296F4}.Debug|x86.Build.0 = Debug|Any CPU
		{CE109129-4017-46E7-BE84-17D4D83296F4}.Release|Any CPU.ActiveCfg = Release|Any CPU
		{CE109129-4017-46E7-BE84-17D4D83296F4}.Release|Any CPU.Build.0 = Release|Any CPU
		{CE109129-4017-46E7-BE84-17D4D83296F4}.Release|x64.ActiveCfg = Release|Any CPU
		{CE109129-4017-46E7-BE84-17D4D83296F4}.Release|x64.Build.0 = Release|Any CPU
		{CE109129-4017-46E7-BE84-17D4D83296F4}.Release|x86.ActiveCfg = Release|Any CPU
		{CE109129-4017-46E7-BE84-17D4D83296F4}.Release|x86.Build.0 = Release|Any CPU
		{F7E423B9-B90B-4F4D-B02A-F0101BBA26E6}.Debug|Any CPU.ActiveCfg = Debug|Any CPU
		{F7E423B9-B90B-4F4D-B02A-F0101BBA26E6}.Debug|Any CPU.Build.0 = Debug|Any CPU
		{F7E423B9-B90B-4F4D-B02A-F0101BBA26E6}.Debug|x64.ActiveCfg = Debug|Any CPU
		{F7E423B9-B90B-4F4D-B02A-F0101BBA26E6}.Debug|x64.Build.0 = Debug|Any CPU
		{F7E423B9-B90B-4F4D-B02A-F0101BBA26E6}.Debug|x86.ActiveCfg = Debug|Any CPU
		{F7E423B9-B90B-4F4D-B02A-F0101BBA26E6}.Debug|x86.Build.0 = Debug|Any CPU
		{F7E423B9-B90B-4F4D-B02A-F0101BBA26E6}.Release|Any CPU.ActiveCfg = Release|Any CPU
		{F7E423B9-B90B-4F4D-B02A-F0101BBA26E6}.Release|Any CPU.Build.0 = Release|Any CPU
		{F7E423B9-B90B-4F4D-B02A-F0101BBA26E6}.Release|x64.ActiveCfg = Release|Any CPU
		{F7E423B9-B90B-4F4D-B02A-F0101BBA26E6}.Release|x64.Build.0 = Release|Any CPU
		{F7E423B9-B90B-4F4D-B02A-F0101BBA26E6}.Release|x86.ActiveCfg = Release|Any CPU
		{F7E423B9-B90B-4F4D-B02A-F0101BBA26E6}.Release|x86.Build.0 = Release|Any CPU
		{51AA0087-4D1C-4331-85D4-2C83065DA36B}.Debug|Any CPU.ActiveCfg = Debug|Any CPU
		{51AA0087-4D1C-4331-85D4-2C83065DA36B}.Debug|Any CPU.Build.0 = Debug|Any CPU
		{51AA0087-4D1C-4331-85D4-2C83065DA36B}.Debug|x64.ActiveCfg = Debug|Any CPU
		{51AA0087-4D1C-4331-85D4-2C83065DA36B}.Debug|x64.Build.0 = Debug|Any CPU
		{51AA0087-4D1C-4331-85D4-2C83065DA36B}.Debug|x86.ActiveCfg = Debug|Any CPU
		{51AA0087-4D1C-4331-85D4-2C83065DA36B}.Debug|x86.Build.0 = Debug|Any CPU
		{51AA0087-4D1C-4331-85D4-2C83065DA36B}.Release|Any CPU.ActiveCfg = Release|Any CPU
		{51AA0087-4D1C-4331-85D4-2C83065DA36B}.Release|Any CPU.Build.0 = Release|Any CPU
		{51AA0087-4D1C-4331-85D4-2C83065DA36B}.Release|x64.ActiveCfg = Release|Any CPU
		{51AA0087-4D1C-4331-85D4-2C83065DA36B}.Release|x64.Build.0 = Release|Any CPU
		{51AA0087-4D1C-4331-85D4-2C83065DA36B}.Release|x86.ActiveCfg = Release|Any CPU
		{51AA0087-4D1C-4331-85D4-2C83065DA36B}.Release|x86.Build.0 = Release|Any CPU
		{99DD65CD-1699-439F-8D27-D81151563827}.Debug|Any CPU.ActiveCfg = Debug|Any CPU
		{99DD65CD-1699-439F-8D27-D81151563827}.Debug|Any CPU.Build.0 = Debug|Any CPU
		{99DD65CD-1699-439F-8D27-D81151563827}.Debug|x64.ActiveCfg = Debug|Any CPU
		{99DD65CD-1699-439F-8D27-D81151563827}.Debug|x64.Build.0 = Debug|Any CPU
		{99DD65CD-1699-439F-8D27-D81151563827}.Debug|x86.ActiveCfg = Debug|Any CPU
		{99DD65CD-1699-439F-8D27-D81151563827}.Debug|x86.Build.0 = Debug|Any CPU
		{99DD65CD-1699-439F-8D27-D81151563827}.Release|Any CPU.ActiveCfg = Release|Any CPU
		{99DD65CD-1699-439F-8D27-D81151563827}.Release|Any CPU.Build.0 = Release|Any CPU
		{99DD65CD-1699-439F-8D27-D81151563827}.Release|x64.ActiveCfg = Release|Any CPU
		{99DD65CD-1699-439F-8D27-D81151563827}.Release|x64.Build.0 = Release|Any CPU
		{99DD65CD-1699-439F-8D27-D81151563827}.Release|x86.ActiveCfg = Release|Any CPU
		{99DD65CD-1699-439F-8D27-D81151563827}.Release|x86.Build.0 = Release|Any CPU
	EndGlobalSection
	GlobalSection(SolutionProperties) = preSolution
		HideSolutionNode = FALSE
	EndGlobalSection
	GlobalSection(NestedProjects) = preSolution
		{74E32E43-2A57-4A38-BD8C-9108B0DCAEAA} = {3B786621-2B82-4C69-8FE9-3889ECB36E75}
		{E8763934-E46A-4AAF-A2B5-E812016DAF84} = {D455AC29-7847-4DF4-AD06-69042F8B8885}
		{BE1D6CA2-134A-404A-8F1A-C48E4E240159} = {B0BD59D3-0D10-42BF-A744-533473577C8C}
		{CDCF5EED-50F3-4790-B180-10B203EE6B4B} = {C172DFBD-9BFC-41A4-82B9-5B9BBC90850D}
		{B0BD59D3-0D10-42BF-A744-533473577C8C} = {C172DFBD-9BFC-41A4-82B9-5B9BBC90850D}
		{B5BF3DFE-5F26-447A-AF5A-60C6E3D341AC} = {B0BD59D3-0D10-42BF-A744-533473577C8C}
		{3EF8E506-B57B-4A98-AD09-E687F9DC515D} = {3B786621-2B82-4C69-8FE9-3889ECB36E75}
		{CE109129-4017-46E7-BE84-17D4D83296F4} = {C172DFBD-9BFC-41A4-82B9-5B9BBC90850D}
		{F7E423B9-B90B-4F4D-B02A-F0101BBA26E6} = {3B786621-2B82-4C69-8FE9-3889ECB36E75}
	EndGlobalSection
	GlobalSection(ExtensibilityGlobals) = postSolution
		SolutionGuid = {45099B85-2AE1-434B-913A-6AD14FD3AF4A}
	EndGlobalSection
	GlobalSection(Performance) = preSolution
		HasPerformanceSessions = true
	EndGlobalSection
EndGlobal
