<Solution>
  <Configurations>
    <Platform Name="Any CPU" />
    <Platform Name="x64" />
    <Platform Name="x86" />
  </Configurations>
  <Folder Name="/LiteDB.ReproRunner/">
    <File Path="LiteDB.ReproRunner/README.md" />
    <Project Path="LiteDB.ReproRunner/LiteDB.ReproRunner.Cli/LiteDB.ReproRunner.Cli.csproj" />
    <Project Path="LiteDB.ReproRunner/LiteDB.ReproRunner.Shared/LiteDB.ReproRunner.Shared.csproj" />
  </Folder>
  <Folder Name="/LiteDB.ReproRunner/Repros/">
    <Project Path="LiteDB.ReproRunner/Repros/Issue_2561_TransactionMonitor/Issue_2561_TransactionMonitor.csproj" />
    <Project Path="LiteDB.ReproRunner/Repros/Issue_2586_RollbackTransaction/Issue_2586_RollbackTransaction.csproj" />
  </Folder>
  <Folder Name="/Misc/">
    <Project Path="ConsoleApp1/ConsoleApp1.csproj" />
  </Folder>
  <Folder Name="/Tests/">
    <Project Path="LiteDB.ReproRunner.Tests/LiteDB.ReproRunner.Tests.csproj" />
    <Project Path="LiteDB.Tests.SharedMutexHarness/SharedMutexHarness.csproj" />
    <Project Path="LiteDB.Tests/LiteDB.Tests.csproj" />
  </Folder>
  <Project Path="LiteDB.AotSmokeTests/LiteDB.AotSmokeTests.csproj" />
  <Project Path="LiteDB.Benchmarks/LiteDB.Benchmarks.csproj" />
  <Project Path="LiteDB.Demo.Tools.VectorSearch/LiteDB.Demo.Tools.VectorSearch.csproj" />
  <Project Path="LiteDB.Generator/LiteDB.Generator.csproj" />
  <Project Path="LiteDB.Shell/LiteDB.Shell.csproj" />
  <Project Path="LiteDB.Stress/LiteDB.Stress.csproj" />
  <Project Path="LiteDB/LiteDB.csproj" />
  <Properties Name="Performance">
    <Property Name="HasPerformanceSessions" Value="true" />
  </Properties>
</Solution>
